
Microsoft Visual Studio Solution File, Format Version 12.00
# Visual Studio Version 17
VisualStudioVersion = 17.4.33205.214
MinimumVisualStudioVersion = 10.0.40219.1
Project("{9A19103F-16F7-4668-BE54-9A1E7A4F7556}") = "AddressBookConsole", "AddressBookConsole\AddressBookConsole.csproj", "{60578E1D-97BE-4986-AA3C-0423D6BD6644}"
EndProject
Project("{FAE04EC0-301F-11D3-BF4B-00C04F79EFBC}") = "AddressBookWPF", "AddressBookWPF\AddressBookWPF.csproj", "{29C02CBD-6D80-42E9-8CA8-E1C3CCD721ED}"
EndProject
Global
	GlobalSection(SolutionConfigurationPlatforms) = preSolution
		Debug|Any CPU = Debug|Any CPU
		Release|Any CPU = Release|Any CPU
	EndGlobalSection
	GlobalSection(ProjectConfigurationPlatforms) = postSolution
		{60578E1D-97BE-4986-AA3C-0423D6BD6644}.Debug|Any CPU.ActiveCfg = Debug|Any CPU
		{60578E1D-97BE-4986-AA3C-0423D6BD6644}.Debug|Any CPU.Build.0 = Debug|Any CPU
		{60578E1D-97BE-4986-AA3C-0423D6BD6644}.Release|Any CPU.ActiveCfg = Release|Any CPU
		{60578E1D-97BE-4986-AA3C-0423D6BD6644}.Release|Any CPU.Build.0 = Release|Any CPU
		{29C02CBD-6D80-42E9-8CA8-E1C3CCD721ED}.Debug|Any CPU.ActiveCfg = Debug|Any CPU
		{29C02CBD-6D80-42E9-8CA8-E1C3CCD721ED}.Debug|Any CPU.Build.0 = Debug|Any CPU
		{29C02CBD-6D80-42E9-8CA8-E1C3CCD721ED}.Release|Any CPU.ActiveCfg = Release|Any CPU
		{29C02CBD-6D80-42E9-8CA8-E1C3CCD721ED}.Release|Any CPU.Build.0 = Release|Any CPU
	EndGlobalSection
	GlobalSection(SolutionProperties) = preSolution
		HideSolutionNode = FALSE
	EndGlobalSection
	GlobalSection(ExtensibilityGlobals) = postSolution
		SolutionGuid = {583506B0-0952-4012-A5C0-D092A625805F}
	EndGlobalSection
EndGlobal
